
Microsoft Visual Studio Solution File, Format Version 12.00
# Visual Studio Version 17
VisualStudioVersion = 17.9.34902.65
MinimumVisualStudioVersion = 10.0.40219.1
Project("{FAE04EC0-301F-11D3-BF4B-00C04F79EFBC}") = "BernieMedia", "BernieMedia\BernieMedia.csproj", "{BBCE16B1-128E-45BB-B1E2-9D12044800F1}"
EndProject
Global
	GlobalSection(SolutionConfigurationPlatforms) = preSolution
		Debug|Any CPU = Debug|Any CPU
		Release|Any CPU = Release|Any CPU
	EndGlobalSection
	GlobalSection(ProjectConfigurationPlatforms) = postSolution
		{BBCE16B1-128E-45BB-B1E2-9D12044800F1}.Debug|Any CPU.ActiveCfg = Debug|Any CPU
		{BBCE16B1-128E-45BB-B1E2-9D12044800F1}.Debug|Any CPU.Build.0 = Debug|Any CPU
		{BBCE16B1-128E-45BB-B1E2-9D12044800F1}.Release|Any CPU.ActiveCfg = Release|Any CPU
		{BBCE16B1-128E-45BB-B1E2-9D12044800F1}.Release|Any CPU.Build.0 = Release|Any CPU
	EndGlobalSection
	GlobalSection(SolutionProperties) = preSolution
		HideSolutionNode = FALSE
	EndGlobalSection
	GlobalSection(ExtensibilityGlobals) = postSolution
		SolutionGuid = {184CBADD-995A-4C9B-AE46-CE1CFB23191B}
	EndGlobalSection
EndGlobal
